
Microsoft Visual Studio Solution File, Format Version 12.00
# Visual Studio Version 16
VisualStudioVersion = 16.0.28803.202
MinimumVisualStudioVersion = 10.0.40219.1
Project("{8BC9CEB8-8B4A-11D0-8D11-00A0C91BC942}") = "Course Work", "Course Work\Course Work.vcxproj", "{591F30EF-5396-4C54-B03A-30F58133D22F}"
EndProject
Global
	GlobalSection(SolutionConfigurationPlatforms) = preSolution
		Debug|x64 = Debug|x64
		Debug|x86 = Debug|x86
		Release|x64 = Release|x64
		Release|x86 = Release|x86
	EndGlobalSection
	GlobalSection(ProjectConfigurationPlatforms) = postSolution
		{591F30EF-5396-4C54-B03A-30F58133D22F}.Debug|x64.ActiveCfg = Debug|x64
		{591F30EF-5396-4C54-B03A-30F58133D22F}.Debug|x64.Build.0 = Debug|x64
		{591F30EF-5396-4C54-B03A-30F58133D22F}.Debug|x86.ActiveCfg = Debug|Win32
		{591F30EF-5396-4C54-B03A-30F58133D22F}.Debug|x86.Build.0 = Debug|Win32
		{591F30EF-5396-4C54-B03A-30F58133D22F}.Release|x64.ActiveCfg = Release|x64
		{591F30EF-5396-4C54-B03A-30F58133D22F}.Release|x64.Build.0 = Release|x64
		{591F30EF-5396-4C54-B03A-30F58133D22F}.Release|x86.ActiveCfg = Release|Win32
		{591F30EF-5396-4C54-B03A-30F58133D22F}.Release|x86.Build.0 = Release|Win32
	EndGlobalSection
	GlobalSection(SolutionProperties) = preSolution
		HideSolutionNode = FALSE
	EndGlobalSection
	GlobalSection(ExtensibilityGlobals) = postSolution
		SolutionGuid = {5A6D7CB4-265E-4B0A-B347-8C40BAF21CDD}
	EndGlobalSection
EndGlobal
